// !$*UTF8*$!
{
	archiveVersion = 1;
	classes = {
	};
	objectVersion = 50;
	objects = {

/* Begin PBXBuildFile section */
		C113BEDD257BF3EB00F28921 /* AppDelegate.swift in Sources */ = {isa = PBXBuildFile; fileRef = C113BEDC257BF3EB00F28921 /* AppDelegate.swift */; };
		C113BEDF257BF3EB00F28921 /* SceneDelegate.swift in Sources */ = {isa = PBXBuildFile; fileRef = C113BEDE257BF3EB00F28921 /* SceneDelegate.swift */; };
		C113BEE1257BF3EB00F28921 /* ViewController.swift in Sources */ = {isa = PBXBuildFile; fileRef = C113BEE0257BF3EB00F28921 /* ViewController.swift */; };
		C113BEE4257BF3EB00F28921 /* Main.storyboard in Resources */ = {isa = PBXBuildFile; fileRef = C113BEE2257BF3EB00F28921 /* Main.storyboard */; };
		C113BEE7257BF3EB00F28921 /* OpenWeatherApp.xcdatamodeld in Sources */ = {isa = PBXBuildFile; fileRef = C113BEE5257BF3EB00F28921 /* OpenWeatherApp.xcdatamodeld */; };
		C113BEE9257BF3EE00F28921 /* Assets.xcassets in Resources */ = {isa = PBXBuildFile; fileRef = C113BEE8257BF3EE00F28921 /* Assets.xcassets */; };
		C113BEEC257BF3EE00F28921 /* LaunchScreen.storyboard in Resources */ = {isa = PBXBuildFile; fileRef = C113BEEA257BF3EE00F28921 /* LaunchScreen.storyboard */; };
		C113BEF7257BF3EE00F28921 /* OpenWeatherAppTests.swift in Sources */ = {isa = PBXBuildFile; fileRef = C113BEF6257BF3EE00F28921 /* OpenWeatherAppTests.swift */; };
		C113BF02257BF3EE00F28921 /* OpenWeatherAppUITests.swift in Sources */ = {isa = PBXBuildFile; fileRef = C113BF01257BF3EE00F28921 /* OpenWeatherAppUITests.swift */; };
/* End PBXBuildFile section */

/* Begin PBXContainerItemProxy section */
		C113BEF3257BF3EE00F28921 /* PBXContainerItemProxy */ = {
			isa = PBXContainerItemProxy;
			containerPortal = C113BED1257BF3EB00F28921 /* Project object */;
			proxyType = 1;
			remoteGlobalIDString = C113BED8257BF3EB00F28921;
			remoteInfo = OpenWeatherApp;
		};
		C113BEFE257BF3EE00F28921 /* PBXContainerItemProxy */ = {
			isa = PBXContainerItemProxy;
			containerPortal = C113BED1257BF3EB00F28921 /* Project object */;
			proxyType = 1;
			remoteGlobalIDString = C113BED8257BF3EB00F28921;
			remoteInfo = OpenWeatherApp;
		};
/* End PBXContainerItemProxy section */

/* Begin PBXFileReference section */
		C113BED9257BF3EB00F28921 /* OpenWeatherApp.app */ = {isa = PBXFileReference; explicitFileType = wrapper.application; includeInIndex = 0; path = OpenWeatherApp.app; sourceTree = BUILT_PRODUCTS_DIR; };
		C113BEDC257BF3EB00F28921 /* AppDelegate.swift */ = {isa = PBXFileReference; lastKnownFileType = sourcecode.swift; path = AppDelegate.swift; sourceTree = "<group>"; };
		C113BEDE257BF3EB00F28921 /* SceneDelegate.swift */ = {isa = PBXFileReference; lastKnownFileType = sourcecode.swift; path = SceneDelegate.swift; sourceTree = "<group>"; };
		C113BEE0257BF3EB00F28921 /* ViewController.swift */ = {isa = PBXFileReference; lastKnownFileType = sourcecode.swift; path = ViewController.swift; sourceTree = "<group>"; };
		C113BEE3257BF3EB00F28921 /* Base */ = {isa = PBXFileReference; lastKnownFileType = file.storyboard; name = Base; path = Base.lproj/Main.storyboard; sourceTree = "<group>"; };
		C113BEE6257BF3EB00F28921 /* OpenWeatherApp.xcdatamodel */ = {isa = PBXFileReference; lastKnownFileType = wrapper.xcdatamodel; path = OpenWeatherApp.xcdatamodel; sourceTree = "<group>"; };
		C113BEE8257BF3EE00F28921 /* Assets.xcassets */ = {isa = PBXFileReference; lastKnownFileType = folder.assetcatalog; path = Assets.xcassets; sourceTree = "<group>"; };
		C113BEEB257BF3EE00F28921 /* Base */ = {isa = PBXFileReference; lastKnownFileType = file.storyboard; name = Base; path = Base.lproj/LaunchScreen.storyboard; sourceTree = "<group>"; };
		C113BEED257BF3EE00F28921 /* Info.plist */ = {isa = PBXFileReference; lastKnownFileType = text.plist.xml; path = Info.plist; sourceTree = "<group>"; };
		C113BEF2257BF3EE00F28921 /* OpenWeatherAppTests.xctest */ = {isa = PBXFileReference; explicitFileType = wrapper.cfbundle; includeInIndex = 0; path = OpenWeatherAppTests.xctest; sourceTree = BUILT_PRODUCTS_DIR; };
		C113BEF6257BF3EE00F28921 /* OpenWeatherAppTests.swift */ = {isa = PBXFileReference; lastKnownFileType = sourcecode.swift; path = OpenWeatherAppTests.swift; sourceTree = "<group>"; };
		C113BEF8257BF3EE00F28921 /* Info.plist */ = {isa = PBXFileReference; lastKnownFileType = text.plist.xml; path = Info.plist; sourceTree = "<group>"; };
		C113BEFD257BF3EE00F28921 /* OpenWeatherAppUITests.xctest */ = {isa = PBXFileReference; explicitFileType = wrapper.cfbundle; includeInIndex = 0; path = OpenWeatherAppUITests.xctest; sourceTree = BUILT_PRODUCTS_DIR; };
		C113BF01257BF3EE00F28921 /* OpenWeatherAppUITests.swift */ = {isa = PBXFileReference; lastKnownFileType = sourcecode.swift; path = OpenWeatherAppUITests.swift; sourceTree = "<group>"; };
		C113BF03257BF3EE00F28921 /* Info.plist */ = {isa = PBXFileReference; lastKnownFileType = text.plist.xml; path = Info.plist; sourceTree = "<group>"; };
/* End PBXFileReference section */

/* Begin PBXFrameworksBuildPhase section */
		C113BED6257BF3EB00F28921 /* Frameworks */ = {
			isa = PBXFrameworksBuildPhase;
			buildActionMask = 2147483647;
			files = (
			);
			runOnlyForDeploymentPostprocessing = 0;
		};
		C113BEEF257BF3EE00F28921 /* Frameworks */ = {
			isa = PBXFrameworksBuildPhase;
			buildActionMask = 2147483647;
			files = (
			);
			runOnlyForDeploymentPostprocessing = 0;
		};
		C113BEFA257BF3EE00F28921 /* Frameworks */ = {
			isa = PBXFrameworksBuildPhase;
			buildActionMask = 2147483647;
			files = (
			);
			runOnlyForDeploymentPostprocessing = 0;
		};
/* End PBXFrameworksBuildPhase section */

/* Begin PBXGroup section */
		C113BED0257BF3EB00F28921 = {
			isa = PBXGroup;
			children = (
				C113BEDB257BF3EB00F28921 /* OpenWeatherApp */,
				C113BEF5257BF3EE00F28921 /* OpenWeatherAppTests */,
				C113BF00257BF3EE00F28921 /* OpenWeatherAppUITests */,
				C113BEDA257BF3EB00F28921 /* Products */,
			);
			sourceTree = "<group>";
		};
		C113BEDA257BF3EB00F28921 /* Products */ = {
			isa = PBXGroup;
			children = (
				C113BED9257BF3EB00F28921 /* OpenWeatherApp.app */,
				C113BEF2257BF3EE00F28921 /* OpenWeatherAppTests.xctest */,
				C113BEFD257BF3EE00F28921 /* OpenWeatherAppUITests.xctest */,
			);
			name = Products;
			sourceTree = "<group>";
		};
		C113BEDB257BF3EB00F28921 /* OpenWeatherApp */ = {
			isa = PBXGroup;
			children = (
				C113BEDC257BF3EB00F28921 /* AppDelegate.swift */,
				C113BEDE257BF3EB00F28921 /* SceneDelegate.swift */,
				C113BEE0257BF3EB00F28921 /* ViewController.swift */,
				C113BEE2257BF3EB00F28921 /* Main.storyboard */,
				C113BEE8257BF3EE00F28921 /* Assets.xcassets */,
				C113BEEA257BF3EE00F28921 /* LaunchScreen.storyboard */,
				C113BEED257BF3EE00F28921 /* Info.plist */,
				C113BEE5257BF3EB00F28921 /* OpenWeatherApp.xcdatamodeld */,
			);
			path = OpenWeatherApp;
			sourceTree = "<group>";
		};
		C113BEF5257BF3EE00F28921 /* OpenWeatherAppTests */ = {
			isa = PBXGroup;
			children = (
				C113BEF6257BF3EE00F28921 /* OpenWeatherAppTests.swift */,
				C113BEF8257BF3EE00F28921 /* Info.plist */,
			);
			path = OpenWeatherAppTests;
			sourceTree = "<group>";
		};
		C113BF00257BF3EE00F28921 /* OpenWeatherAppUITests */ = {
			isa = PBXGroup;
			children = (
				C113BF01257BF3EE00F28921 /* OpenWeatherAppUITests.swift */,
				C113BF03257BF3EE00F28921 /* Info.plist */,
			);
			path = OpenWeatherAppUITests;
			sourceTree = "<group>";
		};
/* End PBXGroup section */

/* Begin PBXNativeTarget section */
		C113BED8257BF3EB00F28921 /* OpenWeatherApp */ = {
			isa = PBXNativeTarget;
			buildConfigurationList = C113BF06257BF3EE00F28921 /* Build configuration list for PBXNativeTarget "OpenWeatherApp" */;
			buildPhases = (
				C113BED5257BF3EB00F28921 /* Sources */,
				C113BED6257BF3EB00F28921 /* Frameworks */,
				C113BED7257BF3EB00F28921 /* Resources */,
			);
			buildRules = (
			);
			dependencies = (
			);
			name = OpenWeatherApp;
			productName = OpenWeatherApp;
			productReference = C113BED9257BF3EB00F28921 /* OpenWeatherApp.app */;
			productType = "com.apple.product-type.application";
		};
		C113BEF1257BF3EE00F28921 /* OpenWeatherAppTests */ = {
			isa = PBXNativeTarget;
			buildConfigurationList = C113BF09257BF3EE00F28921 /* Build configuration list for PBXNativeTarget "OpenWeatherAppTests" */;
			buildPhases = (
				C113BEEE257BF3EE00F28921 /* Sources */,
				C113BEEF257BF3EE00F28921 /* Frameworks */,
				C113BEF0257BF3EE00F28921 /* Resources */,
			);
			buildRules = (
			);
			dependencies = (
				C113BEF4257BF3EE00F28921 /* PBXTargetDependency */,
			);
			name = OpenWeatherAppTests;
			productName = OpenWeatherAppTests;
			productReference = C113BEF2257BF3EE00F28921 /* OpenWeatherAppTests.xctest */;
			productType = "com.apple.product-type.bundle.unit-test";
		};
		C113BEFC257BF3EE00F28921 /* OpenWeatherAppUITests */ = {
			isa = PBXNativeTarget;
			buildConfigurationList = C113BF0C257BF3EE00F28921 /* Build configuration list for PBXNativeTarget "OpenWeatherAppUITests" */;
			buildPhases = (
				C113BEF9257BF3EE00F28921 /* Sources */,
				C113BEFA257BF3EE00F28921 /* Frameworks */,
				C113BEFB257BF3EE00F28921 /* Resources */,
			);
			buildRules = (
			);
			dependencies = (
				C113BEFF257BF3EE00F28921 /* PBXTargetDependency */,
			);
			name = OpenWeatherAppUITests;
			productName = OpenWeatherAppUITests;
			productReference = C113BEFD257BF3EE00F28921 /* OpenWeatherAppUITests.xctest */;
			productType = "com.apple.product-type.bundle.ui-testing";
		};
/* End PBXNativeTarget section */

/* Begin PBXProject section */
		C113BED1257BF3EB00F28921 /* Project object */ = {
			isa = PBXProject;
			attributes = {
				LastSwiftUpdateCheck = 1210;
				LastUpgradeCheck = 1210;
				TargetAttributes = {
					C113BED8257BF3EB00F28921 = {
						CreatedOnToolsVersion = 12.1;
					};
					C113BEF1257BF3EE00F28921 = {
						CreatedOnToolsVersion = 12.1;
						TestTargetID = C113BED8257BF3EB00F28921;
					};
					C113BEFC257BF3EE00F28921 = {
						CreatedOnToolsVersion = 12.1;
						TestTargetID = C113BED8257BF3EB00F28921;
					};
				};
			};
			buildConfigurationList = C113BED4257BF3EB00F28921 /* Build configuration list for PBXProject "OpenWeatherApp" */;
			compatibilityVersion = "Xcode 9.3";
			developmentRegion = en;
			hasScannedForEncodings = 0;
			knownRegions = (
				en,
				Base,
			);
			mainGroup = C113BED0257BF3EB00F28921;
			productRefGroup = C113BEDA257BF3EB00F28921 /* Products */;
			projectDirPath = "";
			projectRoot = "";
			targets = (
				C113BED8257BF3EB00F28921 /* OpenWeatherApp */,
				C113BEF1257BF3EE00F28921 /* OpenWeatherAppTests */,
				C113BEFC257BF3EE00F28921 /* OpenWeatherAppUITests */,
			);
		};
/* End PBXProject section */

/* Begin PBXResourcesBuildPhase section */
		C113BED7257BF3EB00F28921 /* Resources */ = {
			isa = PBXResourcesBuildPhase;
			buildActionMask = 2147483647;
			files = (
				C113BEEC257BF3EE00F28921 /* LaunchScreen.storyboard in Resources */,
				C113BEE9257BF3EE00F28921 /* Assets.xcassets in Resources */,
				C113BEE4257BF3EB00F28921 /* Main.storyboard in Resources */,
			);
			runOnlyForDeploymentPostprocessing = 0;
		};
		C113BEF0257BF3EE00F28921 /* Resources */ = {
			isa = PBXResourcesBuildPhase;
			buildActionMask = 2147483647;
			files = (
			);
			runOnlyForDeploymentPostprocessing = 0;
		};
		C113BEFB257BF3EE00F28921 /* Resources */ = {
			isa = PBXResourcesBuildPhase;
			buildActionMask = 2147483647;
			files = (
			);
			runOnlyForDeploymentPostprocessing = 0;
		};
/* End PBXResourcesBuildPhase section */

/* Begin PBXSourcesBuildPhase section */
		C113BED5257BF3EB00F28921 /* Sources */ = {
			isa = PBXSourcesBuildPhase;
			buildActionMask = 2147483647;
			files = (
				C113BEE1257BF3EB00F28921 /* ViewController.swift in Sources */,
				C113BEDD257BF3EB00F28921 /* AppDelegate.swift in Sources */,
				C113BEE7257BF3EB00F28921 /* OpenWeatherApp.xcdatamodeld in Sources */,
				C113BEDF257BF3EB00F28921 /* SceneDelegate.swift in Sources */,
			);
			runOnlyForDeploymentPostprocessing = 0;
		};
		C113BEEE257BF3EE00F28921 /* Sources */ = {
			isa = PBXSourcesBuildPhase;
			buildActionMask = 2147483647;
			files = (
				C113BEF7257BF3EE00F28921 /* OpenWeatherAppTests.swift in Sources */,
			);
			runOnlyForDeploymentPostprocessing = 0;
		};
		C113BEF9257BF3EE00F28921 /* Sources */ = {
			isa = PBXSourcesBuildPhase;
			buildActionMask = 2147483647;
			files = (
				C113BF02257BF3EE00F28921 /* OpenWeatherAppUITests.swift in Sources */,
			);
			runOnlyForDeploymentPostprocessing = 0;
		};
/* End PBXSourcesBuildPhase section */

/* Begin PBXTargetDependency section */
		C113BEF4257BF3EE00F28921 /* PBXTargetDependency */ = {
			isa = PBXTargetDependency;
			target = C113BED8257BF3EB00F28921 /* OpenWeatherApp */;
			targetProxy = C113BEF3257BF3EE00F28921 /* PBXContainerItemProxy */;
		};
		C113BEFF257BF3EE00F28921 /* PBXTargetDependency */ = {
			isa = PBXTargetDependency;
			target = C113BED8257BF3EB00F28921 /* OpenWeatherApp */;
			targetProxy = C113BEFE257BF3EE00F28921 /* PBXContainerItemProxy */;
		};
/* End PBXTargetDependency section */

/* Begin PBXVariantGroup section */
		C113BEE2257BF3EB00F28921 /* Main.storyboard */ = {
			isa = PBXVariantGroup;
			children = (
				C113BEE3257BF3EB00F28921 /* Base */,
			);
			name = Main.storyboard;
			sourceTree = "<group>";
		};
		C113BEEA257BF3EE00F28921 /* LaunchScreen.storyboard */ = {
			isa = PBXVariantGroup;
			children = (
				C113BEEB257BF3EE00F28921 /* Base */,
			);
			name = LaunchScreen.storyboard;
			sourceTree = "<group>";
		};
/* End PBXVariantGroup section */

/* Begin XCBuildConfiguration section */
		C113BF04257BF3EE00F28921 /* Debug */ = {
			isa = XCBuildConfiguration;
			buildSettings = {
				ALWAYS_SEARCH_USER_PATHS = NO;
				CLANG_ANALYZER_NONNULL = YES;
				CLANG_ANALYZER_NUMBER_OBJECT_CONVERSION = YES_AGGRESSIVE;
				CLANG_CXX_LANGUAGE_STANDARD = "gnu++14";
				CLANG_CXX_LIBRARY = "libc++";
				CLANG_ENABLE_MODULES = YES;
				CLANG_ENABLE_OBJC_ARC = YES;
				CLANG_ENABLE_OBJC_WEAK = YES;
				CLANG_WARN_BLOCK_CAPTURE_AUTORELEASING = YES;
				CLANG_WARN_BOOL_CONVERSION = YES;
				CLANG_WARN_COMMA = YES;
				CLANG_WARN_CONSTANT_CONVERSION = YES;
				CLANG_WARN_DEPRECATED_OBJC_IMPLEMENTATIONS = YES;
				CLANG_WARN_DIRECT_OBJC_ISA_USAGE = YES_ERROR;
				CLANG_WARN_DOCUMENTATION_COMMENTS = YES;
				CLANG_WARN_EMPTY_BODY = YES;
				CLANG_WARN_ENUM_CONVERSION = YES;
				CLANG_WARN_INFINITE_RECURSION = YES;
				CLANG_WARN_INT_CONVERSION = YES;
				CLANG_WARN_NON_LITERAL_NULL_CONVERSION = YES;
				CLANG_WARN_OBJC_IMPLICIT_RETAIN_SELF = YES;
				CLANG_WARN_OBJC_LITERAL_CONVERSION = YES;
				CLANG_WARN_OBJC_ROOT_CLASS = YES_ERROR;
				CLANG_WARN_QUOTED_INCLUDE_IN_FRAMEWORK_HEADER = YES;
				CLANG_WARN_RANGE_LOOP_ANALYSIS = YES;
				CLANG_WARN_STRICT_PROTOTYPES = YES;
				CLANG_WARN_SUSPICIOUS_MOVE = YES;
				CLANG_WARN_UNGUARDED_AVAILABILITY = YES_AGGRESSIVE;
				CLANG_WARN_UNREACHABLE_CODE = YES;
				CLANG_WARN__DUPLICATE_METHOD_MATCH = YES;
				COPY_PHASE_STRIP = NO;
				DEBUG_INFORMATION_FORMAT = dwarf;
				ENABLE_STRICT_OBJC_MSGSEND = YES;
				ENABLE_TESTABILITY = YES;
				GCC_C_LANGUAGE_STANDARD = gnu11;
				GCC_DYNAMIC_NO_PIC = NO;
				GCC_NO_COMMON_BLOCKS = YES;
				GCC_OPTIMIZATION_LEVEL = 0;
				GCC_PREPROCESSOR_DEFINITIONS = (
					"DEBUG=1",
					"$(inherited)",
				);
				GCC_WARN_64_TO_32_BIT_CONVERSION = YES;
				GCC_WARN_ABOUT_RETURN_TYPE = YES_ERROR;
				GCC_WARN_UNDECLARED_SELECTOR = YES;
				GCC_WARN_UNINITIALIZED_AUTOS = YES_AGGRESSIVE;
				GCC_WARN_UNUSED_FUNCTION = YES;
				GCC_WARN_UNUSED_VARIABLE = YES;
				IPHONEOS_DEPLOYMENT_TARGET = 14.1;
				MTL_ENABLE_DEBUG_INFO = INCLUDE_SOURCE;
				MTL_FAST_MATH = YES;
				ONLY_ACTIVE_ARCH = YES;
				SDKROOT = iphoneos;
				SWIFT_ACTIVE_COMPILATION_CONDITIONS = DEBUG;
				SWIFT_OPTIMIZATION_LEVEL = "-Onone";
			};
			name = Debug;
		};
		C113BF05257BF3EE00F28921 /* Release */ = {
			isa = XCBuildConfiguration;
			buildSettings = {
				ALWAYS_SEARCH_USER_PATHS = NO;
				CLANG_ANALYZER_NONNULL = YES;
				CLANG_ANALYZER_NUMBER_OBJECT_CONVERSION = YES_AGGRESSIVE;
				CLANG_CXX_LANGUAGE_STANDARD = "gnu++14";
				CLANG_CXX_LIBRARY = "libc++";
				CLANG_ENABLE_MODULES = YES;
				CLANG_ENABLE_OBJC_ARC = YES;
				CLANG_ENABLE_OBJC_WEAK = YES;
				CLANG_WARN_BLOCK_CAPTURE_AUTORELEASING = YES;
				CLANG_WARN_BOOL_CONVERSION = YES;
				CLANG_WARN_COMMA = YES;
				CLANG_WARN_CONSTANT_CONVERSION = YES;
				CLANG_WARN_DEPRECATED_OBJC_IMPLEMENTATIONS = YES;
				CLANG_WARN_DIRECT_OBJC_ISA_USAGE = YES_ERROR;
				CLANG_WARN_DOCUMENTATION_COMMENTS = YES;
				CLANG_WARN_EMPTY_BODY = YES;
				CLANG_WARN_ENUM_CONVERSION = YES;
				CLANG_WARN_INFINITE_RECURSION = YES;
				CLANG_WARN_INT_CONVERSION = YES;
				CLANG_WARN_NON_LITERAL_NULL_CONVERSION = YES;
				CLANG_WARN_OBJC_IMPLICIT_RETAIN_SELF = YES;
				CLANG_WARN_OBJC_LITERAL_CONVERSION = YES;
				CLANG_WARN_OBJC_ROOT_CLASS = YES_ERROR;
				CLANG_WARN_QUOTED_INCLUDE_IN_FRAMEWORK_HEADER = YES;
				CLANG_WARN_RANGE_LOOP_ANALYSIS = YES;
				CLANG_WARN_STRICT_PROTOTYPES = YES;
				CLANG_WARN_SUSPICIOUS_MOVE = YES;
				CLANG_WARN_UNGUARDED_AVAILABILITY = YES_AGGRESSIVE;
				CLANG_WARN_UNREACHABLE_CODE = YES;
				CLANG_WARN__DUPLICATE_METHOD_MATCH = YES;
				COPY_PHASE_STRIP = NO;
				DEBUG_INFORMATION_FORMAT = "dwarf-with-dsym";
				ENABLE_NS_ASSERTIONS = NO;
				ENABLE_STRICT_OBJC_MSGSEND = YES;
				GCC_C_LANGUAGE_STANDARD = gnu11;
				GCC_NO_COMMON_BLOCKS = YES;
				GCC_WARN_64_TO_32_BIT_CONVERSION = YES;
				GCC_WARN_ABOUT_RETURN_TYPE = YES_ERROR;
				GCC_WARN_UNDECLARED_SELECTOR = YES;
				GCC_WARN_UNINITIALIZED_AUTOS = YES_AGGRESSIVE;
				GCC_WARN_UNUSED_FUNCTION = YES;
				GCC_WARN_UNUSED_VARIABLE = YES;
				IPHONEOS_DEPLOYMENT_TARGET = 14.1;
				MTL_ENABLE_DEBUG_INFO = NO;
				MTL_FAST_MATH = YES;
				SDKROOT = iphoneos;
				SWIFT_COMPILATION_MODE = wholemodule;
				SWIFT_OPTIMIZATION_LEVEL = "-O";
				VALIDATE_PRODUCT = YES;
			};
			name = Release;
		};
		C113BF07257BF3EE00F28921 /* Debug */ = {
			isa = XCBuildConfiguration;
			buildSettings = {
				ASSETCATALOG_COMPILER_APPICON_NAME = AppIcon;
				ASSETCATALOG_COMPILER_GLOBAL_ACCENT_COLOR_NAME = AccentColor;
				CODE_SIGN_STYLE = Automatic;
				DEVELOPMENT_TEAM = 4667WB25NJ;
				INFOPLIST_FILE = OpenWeatherApp/Info.plist;
				LD_RUNPATH_SEARCH_PATHS = (
					"$(inherited)",
					"@executable_path/Frameworks",
				);
				PRODUCT_BUNDLE_IDENTIFIER = com.esodicentodos.OpenWeatherApp;
				PRODUCT_NAME = "$(TARGET_NAME)";
				SWIFT_VERSION = 5.0;
				TARGETED_DEVICE_FAMILY = "1,2";
			};
			name = Debug;
		};
		C113BF08257BF3EE00F28921 /* Release */ = {
			isa = XCBuildConfiguration;
			buildSettings = {
				ASSETCATALOG_COMPILER_APPICON_NAME = AppIcon;
				ASSETCATALOG_COMPILER_GLOBAL_ACCENT_COLOR_NAME = AccentColor;
				CODE_SIGN_STYLE = Automatic;
				DEVELOPMENT_TEAM = 4667WB25NJ;
				INFOPLIST_FILE = OpenWeatherApp/Info.plist;
				LD_RUNPATH_SEARCH_PATHS = (
					"$(inherited)",
					"@executable_path/Frameworks",
				);
				PRODUCT_BUNDLE_IDENTIFIER = com.esodicentodos.OpenWeatherApp;
				PRODUCT_NAME = "$(TARGET_NAME)";
				SWIFT_VERSION = 5.0;
				TARGETED_DEVICE_FAMILY = "1,2";
			};
			name = Release;
		};
		C113BF0A257BF3EE00F28921 /* Debug */ = {
			isa = XCBuildConfiguration;
			buildSettings = {
				ALWAYS_EMBED_SWIFT_STANDARD_LIBRARIES = YES;
				BUNDLE_LOADER = "$(TEST_HOST)";
				CODE_SIGN_STYLE = Automatic;
				DEVELOPMENT_TEAM = 4667WB25NJ;
				INFOPLIST_FILE = OpenWeatherAppTests/Info.plist;
				IPHONEOS_DEPLOYMENT_TARGET = 14.1;
				LD_RUNPATH_SEARCH_PATHS = (
					"$(inherited)",
					"@executable_path/Frameworks",
					"@loader_path/Frameworks",
				);
				PRODUCT_BUNDLE_IDENTIFIER = com.esodicentodos.OpenWeatherAppTests;
				PRODUCT_NAME = "$(TARGET_NAME)";
				SWIFT_VERSION = 5.0;
				TARGETED_DEVICE_FAMILY = "1,2";
				TEST_HOST = "$(BUILT_PRODUCTS_DIR)/OpenWeatherApp.app/OpenWeatherApp";
			};
			name = Debug;
		};
		C113BF0B257BF3EE00F28921 /* Release */ = {
			isa = XCBuildConfiguration;
			buildSettings = {
				ALWAYS_EMBED_SWIFT_STANDARD_LIBRARIES = YES;
				BUNDLE_LOADER = "$(TEST_HOST)";
				CODE_SIGN_STYLE = Automatic;
				DEVELOPMENT_TEAM = 4667WB25NJ;
				INFOPLIST_FILE = OpenWeatherAppTests/Info.plist;
				IPHONEOS_DEPLOYMENT_TARGET = 14.1;
				LD_RUNPATH_SEARCH_PATHS = (
					"$(inherited)",
					"@executable_path/Frameworks",
					"@loader_path/Frameworks",
				);
				PRODUCT_BUNDLE_IDENTIFIER = com.esodicentodos.OpenWeatherAppTests;
				PRODUCT_NAME = "$(TARGET_NAME)";
				SWIFT_VERSION = 5.0;
				TARGETED_DEVICE_FAMILY = "1,2";
				TEST_HOST = "$(BUILT_PRODUCTS_DIR)/OpenWeatherApp.app/OpenWeatherApp";
			};
			name = Release;
		};
		C113BF0D257BF3EE00F28921 /* Debug */ = {
			isa = XCBuildConfiguration;
			buildSettings = {
				ALWAYS_EMBED_SWIFT_STANDARD_LIBRARIES = YES;
				CODE_SIGN_STYLE = Automatic;
				DEVELOPMENT_TEAM = 4667WB25NJ;
				INFOPLIST_FILE = OpenWeatherAppUITests/Info.plist;
				LD_RUNPATH_SEARCH_PATHS = (
					"$(inherited)",
					"@executable_path/Frameworks",
					"@loader_path/Frameworks",
				);
				PRODUCT_BUNDLE_IDENTIFIER = com.esodicentodos.OpenWeatherAppUITests;
				PRODUCT_NAME = "$(TARGET_NAME)";
				SWIFT_VERSION = 5.0;
				TARGETED_DEVICE_FAMILY = "1,2";
				TEST_TARGET_NAME = OpenWeatherApp;
			};
			name = Debug;
		};
		C113BF0E257BF3EE00F28921 /* Release */ = {
			isa = XCBuildConfiguration;
			buildSettings = {
				ALWAYS_EMBED_SWIFT_STANDARD_LIBRARIES = YES;
				CODE_SIGN_STYLE = Automatic;
				DEVELOPMENT_TEAM = 4667WB25NJ;
				INFOPLIST_FILE = OpenWeatherAppUITests/Info.plist;
				LD_RUNPATH_SEARCH_PATHS = (
					"$(inherited)",
					"@executable_path/Frameworks",
					"@loader_path/Frameworks",
				);
				PRODUCT_BUNDLE_IDENTIFIER = com.esodicentodos.OpenWeatherAppUITests;
				PRODUCT_NAME = "$(TARGET_NAME)";
				SWIFT_VERSION = 5.0;
				TARGETED_DEVICE_FAMILY = "1,2";
				TEST_TARGET_NAME = OpenWeatherApp;
			};
			name = Release;
		};
/* End XCBuildConfiguration section */

/* Begin XCConfigurationList section */
		C113BED4257BF3EB00F28921 /* Build configuration list for PBXProject "OpenWeatherApp" */ = {
			isa = XCConfigurationList;
			buildConfigurations = (
				C113BF04257BF3EE00F28921 /* Debug */,
				C113BF05257BF3EE00F28921 /* Release */,
			);
			defaultConfigurationIsVisible = 0;
			defaultConfigurationName = Release;
		};
		C113BF06257BF3EE00F28921 /* Build configuration list for PBXNativeTarget "OpenWeatherApp" */ = {
			isa = XCConfigurationList;
			buildConfigurations = (
				C113BF07257BF3EE00F28921 /* Debug */,
				C113BF08257BF3EE00F28921 /* Release */,
			);
			defaultConfigurationIsVisible = 0;
			defaultConfigurationName = Release;
		};
		C113BF09257BF3EE00F28921 /* Build configuration list for PBXNativeTarget "OpenWeatherAppTests" */ = {
			isa = XCConfigurationList;
			buildConfigurations = (
				C113BF0A257BF3EE00F28921 /* Debug */,
				C113BF0B257BF3EE00F28921 /* Release */,
			);
			defaultConfigurationIsVisible = 0;
			defaultConfigurationName = Release;
		};
		C113BF0C257BF3EE00F28921 /* Build configuration list for PBXNativeTarget "OpenWeatherAppUITests" */ = {
			isa = XCConfigurationList;
			buildConfigurations = (
				C113BF0D257BF3EE00F28921 /* Debug */,
				C113BF0E257BF3EE00F28921 /* Release */,
			);
			defaultConfigurationIsVisible = 0;
			defaultConfigurationName = Release;
		};
/* End XCConfigurationList section */

/* Begin XCVersionGroup section */
		C113BEE5257BF3EB00F28921 /* OpenWeatherApp.xcdatamodeld */ = {
			isa = XCVersionGroup;
			children = (
				C113BEE6257BF3EB00F28921 /* OpenWeatherApp.xcdatamodel */,
			);
			currentVersion = C113BEE6257BF3EB00F28921 /* OpenWeatherApp.xcdatamodel */;
			path = OpenWeatherApp.xcdatamodeld;
			sourceTree = "<group>";
			versionGroupType = wrapper.xcdatamodel;
		};
/* End XCVersionGroup section */
	};
	rootObject = C113BED1257BF3EB00F28921 /* Project object */;
}
